{
  "nodes": {
    "disko": {
      "inputs": {
        "nixpkgs": [
          "nixpkgs"
        ]
      },
      "locked": {
        "lastModified": 1773506317,
        "narHash": "sha256-qWKbLUJpavIpvOdX1fhHYm0WGerytFHRoh9lVck6Bh0=",
        "owner": "nix-community",
        "repo": "disko",
        "rev": "878ec37d6a8f52c6c801d0e2a2ad554c75b9353c",
        "type": "github"
      },
      "original": {
        "owner": "nix-community",
        "repo": "disko",
        "type": "github"
      }
    },
    "nix-index-database": {
      "inputs": {
        "nixpkgs": [
          "nixpkgs"
        ]
      },
      "locked": {
        "lastModified": 1773552174,
        "narHash": "sha256-mHSRNrT1rjeYBgkAlj07dW3+1nFEgAd8Gu6lgyfT9DU=",
        "owner": "nix-community",
        "repo": "nix-index-database",
        "rev": "8faeb68130df077450451b6734a221ba0d6cde42",
        "type": "github"
      },
      "original": {
        "owner": "nix-community",
        "repo": "nix-index-database",
        "type": "github"
      }
    },
    "nixlib": {
      "locked": {
        "lastModified": 1736643958,
        "narHash": "sha256-tmpqTSWVRJVhpvfSN9KXBvKEXplrwKnSZNAoNPf/S/s=",
        "owner": "nix-community",
        "repo": "nixpkgs.lib",
        "rev": "1418bc28a52126761c02dd3d89b2d8ca0f521181",
        "type": "github"
      },
      "original": {
        "owner": "nix-community",
        "repo": "nixpkgs.lib",
        "type": "github"
      }
    },
    "nixos-generators": {
      "inputs": {
        "nixlib": "nixlib",
        "nixpkgs": [
          "nixpkgs"
        ]
      },
      "locked": {
        "lastModified": 1769813415,
        "narHash": "sha256-nnVmNNKBi1YiBNPhKclNYDORoHkuKipoz7EtVnXO50A=",
        "owner": "nix-community",
        "repo": "nixos-generators",
        "rev": "8946737ff703382fda7623b9fab071d037e897d5",
        "type": "github"
      },
      "original": {
        "owner": "nix-community",
        "repo": "nixos-generators",
        "type": "github"
      }
    },
    "nixpkgs": {
      "locked": {
        "lastModified": 1773579282,
        "narHash": "sha256-LWvZj9Bvm1EuoO6zbX4yjZebwnZNfeTbmCJGS7RGQ3Y=",
        "owner": "NixOS",
        "repo": "nixpkgs",
        "rev": "5a88de74db0e948139be4b46f9a94d64aa11391c",
        "type": "github"
      },
      "original": {
        "owner": "NixOS",
        "ref": "nixos-unstable",
        "repo": "nixpkgs",
        "type": "github"
      }
    },
    "nvim-config": {
      "flake": false,
      "locked": {
        "lastModified": 1763766394,
        "narHash": "sha256-VpFaGV+d3uqocgJc8hCYoN5SIyrTzrNactePCTCNTtc=",
        "owner": "ozzy8160",
        "repo": "neovim-config",
        "rev": "4e64a8dcc2c5e50d185887f3eded6be175cd3153",
        "type": "github"
      },
      "original": {
        "owner": "ozzy8160",
        "repo": "neovim-config",
        "type": "github"
      }
    },
    "root": {
      "inputs": {
        "disko": "disko",
        "nix-index-database": "nix-index-database",
        "nixos-generators": "nixos-generators",
        "nixpkgs": "nixpkgs",
        "nvim-config": "nvim-config",
        "systems": "systems"
      }
    },
    "systems": {
      "locked": {
        "lastModified": 1681028828,
        "narHash": "sha256-Vy1rq5AaRuLzOxct8nz4T6wlgyUR7zLU309k9mBC768=",
        "owner": "nix-systems",
        "repo": "default",
        "rev": "da67096a3b9bf56a91d16901293e51ba5b49a27e",
        "type": "github"
      },
      "original": {
        "id": "systems",
        "type": "indirect"
      }
    }
  },
  "root": "root",
  "version": 7
}
